
Microsoft Visual Studio Solution File, Format Version 12.00
# Visual Studio Version 17
VisualStudioVersion = 17.5.002.0
MinimumVisualStudioVersion = 10.0.40219.1
Project("{9A19103F-16F7-4668-BE54-9A1E7A4F7556}") = "Lab08_Ex01", "Lab08_Ex01\Lab08_Ex01.csproj", "{0F0CC704-B0CC-4227-8575-908C9CD18CFB}"
EndProject
Global
	GlobalSection(SolutionConfigurationPlatforms) = preSolution
		Debug|Any CPU = Debug|Any CPU
		Release|Any CPU = Release|Any CPU
	EndGlobalSection
	GlobalSection(ProjectConfigurationPlatforms) = postSolution
		{0F0CC704-B0CC-4227-8575-908C9CD18CFB}.Debug|Any CPU.ActiveCfg = Debug|Any CPU
		{0F0CC704-B0CC-4227-8575-908C9CD18CFB}.Debug|Any CPU.Build.0 = Debug|Any CPU
		{0F0CC704-B0CC-4227-8575-908C9CD18CFB}.Release|Any CPU.ActiveCfg = Release|Any CPU
		{0F0CC704-B0CC-4227-8575-908C9CD18CFB}.Release|Any CPU.Build.0 = Release|Any CPU
	EndGlobalSection
	GlobalSection(SolutionProperties) = preSolution
		HideSolutionNode = FALSE
	EndGlobalSection
	GlobalSection(ExtensibilityGlobals) = postSolution
		SolutionGuid = {0A17F266-5895-48DA-9731-92C262EA9574}
	EndGlobalSection
EndGlobal
